
Microsoft Visual Studio Solution File, Format Version 12.00
# Visual Studio Version 17
VisualStudioVersion = 17.0.32112.339
MinimumVisualStudioVersion = 10.0.40219.1
Project("{FAE04EC0-301F-11D3-BF4B-00C04F79EFBC}") = "LevelCreator", "LevelCreator\LevelCreator.csproj", "{9A793525-8C18-4484-B338-12892D83D083}"
EndProject
Global
	GlobalSection(SolutionConfigurationPlatforms) = preSolution
		Debug|Any CPU = Debug|Any CPU
		Debug|x64 = Debug|x64
		Release|Any CPU = Release|Any CPU
		Release|x64 = Release|x64
	EndGlobalSection
	GlobalSection(ProjectConfigurationPlatforms) = postSolution
		{9A793525-8C18-4484-B338-12892D83D083}.Debug|Any CPU.ActiveCfg = Debug|Any CPU
		{9A793525-8C18-4484-B338-12892D83D083}.Debug|Any CPU.Build.0 = Debug|Any CPU
		{9A793525-8C18-4484-B338-12892D83D083}.Debug|x64.ActiveCfg = Debug|x64
		{9A793525-8C18-4484-B338-12892D83D083}.Debug|x64.Build.0 = Debug|x64
		{9A793525-8C18-4484-B338-12892D83D083}.Release|Any CPU.ActiveCfg = Release|Any CPU
		{9A793525-8C18-4484-B338-12892D83D083}.Release|Any CPU.Build.0 = Release|Any CPU
		{9A793525-8C18-4484-B338-12892D83D083}.Release|x64.ActiveCfg = Release|x64
		{9A793525-8C18-4484-B338-12892D83D083}.Release|x64.Build.0 = Release|x64
	EndGlobalSection
	GlobalSection(SolutionProperties) = preSolution
		HideSolutionNode = FALSE
	EndGlobalSection
	GlobalSection(ExtensibilityGlobals) = postSolution
		SolutionGuid = {33903C34-2BDD-464C-81C0-22DC8507D192}
	EndGlobalSection
EndGlobal
